
Microsoft Visual Studio Solution File, Format Version 12.00
# Visual Studio Version 16
VisualStudioVersion = 16.0.30907.101
MinimumVisualStudioVersion = 10.0.40219.1
Project("{FAE04EC0-301F-11D3-BF4B-00C04F79EFBC}") = "MyNetProject", "MyNetProject\MyNetProject.csproj", "{74BE98FD-154D-40E6-94F8-E552CC48ACDA}"
EndProject
Global
	GlobalSection(SolutionConfigurationPlatforms) = preSolution
		Debug|Any CPU = Debug|Any CPU
		Release|Any CPU = Release|Any CPU
	EndGlobalSection
	GlobalSection(ProjectConfigurationPlatforms) = postSolution
		{74BE98FD-154D-40E6-94F8-E552CC48ACDA}.Debug|Any CPU.ActiveCfg = Debug|Any CPU
		{74BE98FD-154D-40E6-94F8-E552CC48ACDA}.Debug|Any CPU.Build.0 = Debug|Any CPU
		{74BE98FD-154D-40E6-94F8-E552CC48ACDA}.Release|Any CPU.ActiveCfg = Release|Any CPU
		{74BE98FD-154D-40E6-94F8-E552CC48ACDA}.Release|Any CPU.Build.0 = Release|Any CPU
	EndGlobalSection
	GlobalSection(SolutionProperties) = preSolution
		HideSolutionNode = FALSE
	EndGlobalSection
	GlobalSection(ExtensibilityGlobals) = postSolution
		SolutionGuid = {59519467-7D7A-4066-85BF-85FF51C47581}
	EndGlobalSection
EndGlobal
